
Microsoft Visual Studio Solution File, Format Version 12.00
Project("{FAE04EC0-301F-11D3-BF4B-00C04F79EFBC}") = "PlaylistParser", "PlaylistParser\PlaylistParser.csproj", "{78C054D1-33DD-4443-941F-38F7850BCBA9}"
EndProject
Global
	GlobalSection(SolutionConfigurationPlatforms) = preSolution
		Debug|Any CPU = Debug|Any CPU
		Release|Any CPU = Release|Any CPU
	EndGlobalSection
	GlobalSection(ProjectConfigurationPlatforms) = postSolution
		{78C054D1-33DD-4443-941F-38F7850BCBA9}.Debug|Any CPU.ActiveCfg = Debug|Any CPU
		{78C054D1-33DD-4443-941F-38F7850BCBA9}.Debug|Any CPU.Build.0 = Debug|Any CPU
		{78C054D1-33DD-4443-941F-38F7850BCBA9}.Release|Any CPU.ActiveCfg = Release|Any CPU
		{78C054D1-33DD-4443-941F-38F7850BCBA9}.Release|Any CPU.Build.0 = Release|Any CPU
	EndGlobalSection
EndGlobal
